{
  "object": {
    "pins": [
      {
        "package": "Cache",
        "repositoryURL": "https://github.com/sergejs/cache.git",
        "state": {
          "branch": null,
          "revision": "75614c97184e719719f1984fb820c4c4d08a30b9",
          "version": "0.0.5"
        }
      },
      {
        "package": "Encryptable",
        "repositoryURL": "https://github.com/sergejs/encryptable.git",
        "state": {
          "branch": null,
          "revision": "b3034ceb9ec62f40c3ab160a15c6e327238bbc18",
          "version": "0.0.2"
        }
      },
      {
        "package": "HTTPClient",
        "repositoryURL": "https://github.com/sergejs/http-client.git",
        "state": {
          "branch": null,
          "revision": "fb6b5b57c16c2fc3bf50f1e783d85abfc0e6b266",
          "version": "0.1.0"
        }
      },
      {
        "package": "ServiceContainer",
        "repositoryURL": "https://github.com/sergejs/ServiceContainer.git",
        "state": {
          "branch": null,
          "revision": "c76d38291c5352ada3d4949b8874cebedd3e7da8",
          "version": "0.0.1"
        }
      },
      {
        "package": "Storable",
        "repositoryURL": "https://github.com/sergejs/storable.git",
        "state": {
          "branch": null,
          "revision": "6dd62ab07582b4a9df7bb5bc750f3381a877278e",
          "version": "0.0.1"
        }
      }
    ]
  },
  "version": 1
}
