{
  "object": {
    "pins": [
      {
        "package": "Cache",
        "repositoryURL": "https://github.com/sergejs/cache.git",
        "state": {
          "branch": null,
          "revision": "2ef152a20188f4acd2847b4b1deac22c09c4c5fe",
          "version": "0.0.1"
        }
      },
      {
        "package": "Encryptable",
        "repositoryURL": "https://github.com/sergejs/encryptable.git",
        "state": {
          "branch": null,
          "revision": "b3034ceb9ec62f40c3ab160a15c6e327238bbc18",
          "version": "0.0.2"
        }
      },
      {
        "package": "HTTPClient",
        "repositoryURL": "https://github.com/sergejs/http-client.git",
        "state": {
          "branch": null,
          "revision": "f82fcb99deaeb3c3fbe38582fbe3ca586627481b",
          "version": "0.0.6"
        }
      },
      {
        "package": "Storable",
        "repositoryURL": "https://github.com/sergejs/storable.git",
        "state": {
          "branch": null,
          "revision": "6dd62ab07582b4a9df7bb5bc750f3381a877278e",
          "version": "0.0.1"
        }
      }
    ]
  },
  "version": 1
}
