{
  "object": {
    "pins": [
      {
        "package": "Cache",
        "repositoryURL": "https://github.com/sergejs/Cache.git",
        "state": {
          "branch": null,
          "revision": "ddc80c8e2e186ba7da24bf133c82c2a3d9ebcbec",
          "version": "0.2.1"
        }
      },
      {
        "package": "Encryptable",
        "repositoryURL": "https://github.com/sergejs/Encryptable.git",
        "state": {
          "branch": null,
          "revision": "afd9a960d45b19d2c3951e32c88b39d7c53492ab",
          "version": "0.2.1"
        }
      },
      {
        "package": "HTTPClient",
        "repositoryURL": "https://github.com/sergejs/HTTPClient.git",
        "state": {
          "branch": null,
          "revision": "b47531c0275438e40726dfc26992da67a398f3a6",
          "version": "0.2.0"
        }
      },
      {
        "package": "ServiceContainer",
        "repositoryURL": "https://github.com/sergejs/ServiceContainer.git",
        "state": {
          "branch": null,
          "revision": "7f26d2769c11963fd85577bb770b6b207a3c65b8",
          "version": "0.2.1"
        }
      },
      {
        "package": "Storable",
        "repositoryURL": "https://github.com/sergejs/Storable.git",
        "state": {
          "branch": null,
          "revision": "7f12a132be5b04ea01c52441e5e8e0e21e607792",
          "version": "0.2.1"
        }
      }
    ]
  },
  "version": 1
}
